Microsoft Visual Studio Solution File, Format Version 12.00
# Visual Studio Version 17
VisualStudioVersion = 17.5.2.0
MinimumVisualStudioVersion = 10.0.40219.1
Project("{FAE04EC0-301F-11D3-BF4B-00C04F79EFBC}") = "DataProm.ETL", "DataProm.ETL.csproj", "{07511708-7252-8D44-8AC8-091E21A96A0E}"
EndProject
Global
	GlobalSection(SolutionConfigurationPlatforms) = preSolution
		Debug|Any CPU = Debug|Any CPU
		Release|Any CPU = Release|Any CPU
	EndGlobalSection
	GlobalSection(ProjectConfigurationPlatforms) = postSolution
		{07511708-7252-8D44-8AC8-091E21A96A0E}.Debug|Any CPU.ActiveCfg = Debug|Any CPU
		{07511708-7252-8D44-8AC8-091E21A96A0E}.Debug|Any CPU.Build.0 = Debug|Any CPU
		{07511708-7252-8D44-8AC8-091E21A96A0E}.Release|Any CPU.ActiveCfg = Release|Any CPU
		{07511708-7252-8D44-8AC8-091E21A96A0E}.Release|Any CPU.Build.0 = Release|Any CPU
	EndGlobalSection
	GlobalSection(SolutionProperties) = preSolution
		HideSolutionNode = FALSE
	EndGlobalSection
	GlobalSection(ExtensibilityGlobals) = postSolution
		SolutionGuid = {708C410E-44B3-4E57-960B-84EA47B7284B}
	EndGlobalSection
EndGlobal
